# This file is autogenerated, do not edit; changes may be undone by the next 'dep ensure'.


[[projects]]
  branch = "master"
  name = "github.com/NYTimes/gziphandler"
  packages = ["."]
  revision = "5032c8878b9dd46cfe8c625c0d9b9f258a560ee8"

[[projects]]
  branch = "master"
  name = "github.com/concur/go-health"
  packages = ["."]
  revision = "36bd3befbfed36354821943ba3bc6297947e9cff"

[[projects]]
  branch = "master"
  name = "github.com/facebookgo/flagenv"
  packages = ["."]
  revision = "fcd59fca7456889be7f2ad4515b7612fd6acef31"

[solve-meta]
  analyzer-name = "dep"
  analyzer-version = 1
  inputs-digest = "76b14f4af4d1901486ab172a44c3941edeeb79c7d9838b040a770fa3d86b980b"
  solver-name = "gps-cdcl"
  solver-version = 1
